
Microsoft Visual Studio Solution File, Format Version 12.00
# Visual Studio Version 16
VisualStudioVersion = 16.0.31729.503
MinimumVisualStudioVersion = 10.0.40219.1
Project("{FAE04EC0-301F-11D3-BF4B-00C04F79EFBC}") = "EmpMng", "EmpMng\EmpMng.csproj", "{8BC79D5E-4CDE-487F-81E7-98A0934DFC0A}"
EndProject
Global
	GlobalSection(SolutionConfigurationPlatforms) = preSolution
		Debug|Any CPU = Debug|Any CPU
		Release|Any CPU = Release|Any CPU
	EndGlobalSection
	GlobalSection(ProjectConfigurationPlatforms) = postSolution
		{8BC79D5E-4CDE-487F-81E7-98A0934DFC0A}.Debug|Any CPU.ActiveCfg = Debug|Any CPU
		{8BC79D5E-4CDE-487F-81E7-98A0934DFC0A}.Debug|Any CPU.Build.0 = Debug|Any CPU
		{8BC79D5E-4CDE-487F-81E7-98A0934DFC0A}.Release|Any CPU.ActiveCfg = Release|Any CPU
		{8BC79D5E-4CDE-487F-81E7-98A0934DFC0A}.Release|Any CPU.Build.0 = Release|Any CPU
	EndGlobalSection
	GlobalSection(SolutionProperties) = preSolution
		HideSolutionNode = FALSE
	EndGlobalSection
	GlobalSection(ExtensibilityGlobals) = postSolution
		SolutionGuid = {F80C4613-F428-430A-BA94-EEA6DBE5CCE6}
	EndGlobalSection
EndGlobal
