
Microsoft Visual Studio Solution File, Format Version 12.00
# Visual Studio Version 16
VisualStudioVersion = 16.0.31729.503
MinimumVisualStudioVersion = 10.0.40219.1
Project("{FAE04EC0-301F-11D3-BF4B-00C04F79EFBC}") = "DeleteWebService", "DeleteWebService\DeleteWebService.csproj", "{6C1A7C6E-F9B7-4D83-9011-4198FC35BB4C}"
EndProject
Global
	GlobalSection(SolutionConfigurationPlatforms) = preSolution
		Debug|Any CPU = Debug|Any CPU
		Release|Any CPU = Release|Any CPU
	EndGlobalSection
	GlobalSection(ProjectConfigurationPlatforms) = postSolution
		{6C1A7C6E-F9B7-4D83-9011-4198FC35BB4C}.Debug|Any CPU.ActiveCfg = Debug|Any CPU
		{6C1A7C6E-F9B7-4D83-9011-4198FC35BB4C}.Debug|Any CPU.Build.0 = Debug|Any CPU
		{6C1A7C6E-F9B7-4D83-9011-4198FC35BB4C}.Release|Any CPU.ActiveCfg = Release|Any CPU
		{6C1A7C6E-F9B7-4D83-9011-4198FC35BB4C}.Release|Any CPU.Build.0 = Release|Any CPU
	EndGlobalSection
	GlobalSection(SolutionProperties) = preSolution
		HideSolutionNode = FALSE
	EndGlobalSection
	GlobalSection(ExtensibilityGlobals) = postSolution
		SolutionGuid = {08F2AF0B-D67E-48AF-A7B0-500EBD6E8A1C}
	EndGlobalSection
EndGlobal
